<?xml version="1.0" encoding="utf-8"?>
<Project ToolsVersion="4.0" xmlns="http://schemas.microsoft.com/developer/msbuild/2003">
  <ItemGroup>
    <Filter Include="Arquivos de Origem">
      <UniqueIdentifier>{4FC737F1-C7A5-4376-A066-2A32D752A2FF}</UniqueIdentifier>
      <Extensions>cpp;c;cc;cxx;c++;cppm;ixx;def;odl;idl;hpj;bat;asm;asmx</Extensions>
    </Filter>
    <Filter Include="Arquivos de Cabeçalho">
      <UniqueIdentifier>{93995380-89BD-4b04-88EB-625FBE52EBFB}</UniqueIdentifier>
      <Extensions>h;hh;hpp;hxx;h++;hm;inl;inc;ipp;xsd</Extensions>
    </Filter>
    <Filter Include="Arquivos de Recurso">
      <UniqueIdentifier>{67DA6AB6-F800-4c08-8B7A-83BB121AAD01}</UniqueIdentifier>
      <Extensions>rc;ico;cur;bmp;dlg;rc2;rct;bin;rgs;gif;jpg;jpeg;jpe;resx;tiff;tif;png;wav;mfcribbon-ms</Extensions>
    </Filter>
    <Filter Include="Arquivos de Cabeçalho\graphics">
      <UniqueIdentifier>{a529cff6-2c04-4a16-bc1c-44f79f1f07e8}</UniqueIdentifier>
    </Filter>
    <Filter Include="Arquivos de Cabeçalho\BPS">
      <UniqueIdentifier>{9e0fbd2b-4f29-4e38-a61d-df60c4595416}</UniqueIdentifier>
    </Filter>
  </ItemGroup>
  <ItemGroup>
    <ClCompile Include="main.cpp">
      <Filter>Arquivos de Origem</Filter>
    </ClCompile>
    <ClCompile Include="BPS.cpp">
      <Filter>Arquivos de Cabeçalho\BPS</Filter>
    </ClCompile>
  </ItemGroup>
  <ItemGroup>
    <None Include="packages.config" />
    <None Include="graph_data.bps">
      <Filter>Arquivos de Recurso</Filter>
    </None>
    <None Include="commands.md">
      <Filter>Arquivos de Recurso</Filter>
    </None>
  </ItemGroup>
  <ItemGroup>
    <Text Include="trabalho1.txt">
      <Filter>Arquivos de Recurso</Filter>
    </Text>
  </ItemGroup>
  <ItemGroup>
    <ClInclude Include="plot.h">
      <Filter>Arquivos de Cabeçalho\graphics</Filter>
    </ClInclude>
    <ClInclude Include="util.h">
      <Filter>Arquivos de Cabeçalho</Filter>
    </ClInclude>
    <ClInclude Include="test.h">
      <Filter>Arquivos de Cabeçalho</Filter>
    </ClInclude>
    <ClInclude Include="BPS.h">
      <Filter>Arquivos de Cabeçalho\BPS</Filter>
    </ClInclude>
    <ClInclude Include="graph.h">
      <Filter>Arquivos de Cabeçalho</Filter>
    </ClInclude>
    <ClInclude Include="parser.h">
      <Filter>Arquivos de Cabeçalho</Filter>
    </ClInclude>
  </ItemGroup>
  <ItemGroup>
    <Font Include="arial.ttf">
      <Filter>Arquivos de Recurso</Filter>
    </Font>
  </ItemGroup>
</Project>